// !$*UTF8*$!
{
	archiveVersion = 1;
	classes = {
	};
	objectVersion = 50;
	objects = {

/* Begin PBXBuildFile section */
		2C6E2DF421F509A7000B49A4 /* AppDelegate.swift in Sources */ = {isa = PBXBuildFile; fileRef = 2C6E2DF321F509A7000B49A4 /* AppDelegate.swift */; };
		2C6E2DF621F509A7000B49A4 /* ViewController.swift in Sources */ = {isa = PBXBuildFile; fileRef = 2C6E2DF521F509A7000B49A4 /* ViewController.swift */; };
		2C6E2DF921F509A7000B49A4 /* Main.storyboard in Resources */ = {isa = PBXBuildFile; fileRef = 2C6E2DF721F509A7000B49A4 /* Main.storyboard */; };
		2C6E2DFB21F509AB000B49A4 /* Assets.xcassets in Resources */ = {isa = PBXBuildFile; fileRef = 2C6E2DFA21F509AB000B49A4 /* Assets.xcassets */; };
		2C6E2DFE21F509AB000B49A4 /* LaunchScreen.storyboard in Resources */ = {isa = PBXBuildFile; fileRef = 2C6E2DFC21F509AB000B49A4 /* LaunchScreen.storyboard */; };
		2C6E2E0921F509AB000B49A4 /* TipCalculatorTests.swift in Sources */ = {isa = PBXBuildFile; fileRef = 2C6E2E0821F509AB000B49A4 /* TipCalculatorTests.swift */; };
		2C6E2E1421F509AC000B49A4 /* TipCalculatorUITests.swift in Sources */ = {isa = PBXBuildFile; fileRef = 2C6E2E1321F509AC000B49A4 /* TipCalculatorUITests.swift */; };
/* End PBXBuildFile section */

/* Begin PBXContainerItemProxy section */
		2C6E2E0521F509AB000B49A4 /* PBXContainerItemProxy */ = {
			isa = PBXContainerItemProxy;
			containerPortal = 2C6E2DE821F509A6000B49A4 /* Project object */;
			proxyType = 1;
			remoteGlobalIDString = 2C6E2DEF21F509A6000B49A4;
			remoteInfo = TipCalculator;
		};
		2C6E2E1021F509AC000B49A4 /* PBXContainerItemProxy */ = {
			isa = PBXContainerItemProxy;
			containerPortal = 2C6E2DE821F509A6000B49A4 /* Project object */;
			proxyType = 1;
			remoteGlobalIDString = 2C6E2DEF21F509A6000B49A4;
			remoteInfo = TipCalculator;
		};
/* End PBXContainerItemProxy section */

/* Begin PBXFileReference section */
		2C6E2DF021F509A7000B49A4 /* TipCalculator.app */ = {isa = PBXFileReference; explicitFileType = wrapper.application; includeInIndex = 0; path = TipCalculator.app; sourceTree = BUILT_PRODUCTS_DIR; };
		2C6E2DF321F509A7000B49A4 /* AppDelegate.swift */ = {isa = PBXFileReference; lastKnownFileType = sourcecode.swift; path = AppDelegate.swift; sourceTree = "<group>"; };
		2C6E2DF521F509A7000B49A4 /* ViewController.swift */ = {isa = PBXFileReference; lastKnownFileType = sourcecode.swift; path = ViewController.swift; sourceTree = "<group>"; };
		2C6E2DF821F509A7000B49A4 /* Base */ = {isa = PBXFileReference; lastKnownFileType = file.storyboard; name = Base; path = Base.lproj/Main.storyboard; sourceTree = "<group>"; };
		2C6E2DFA21F509AB000B49A4 /* Assets.xcassets */ = {isa = PBXFileReference; lastKnownFileType = folder.assetcatalog; path = Assets.xcassets; sourceTree = "<group>"; };
		2C6E2DFD21F509AB000B49A4 /* Base */ = {isa = PBXFileReference; lastKnownFileType = file.storyboard; name = Base; path = Base.lproj/LaunchScreen.storyboard; sourceTree = "<group>"; };
		2C6E2DFF21F509AB000B49A4 /* Info.plist */ = {isa = PBXFileReference; lastKnownFileType = text.plist.xml; path = Info.plist; sourceTree = "<group>"; };
		2C6E2E0421F509AB000B49A4 /* TipCalculatorTests.xctest */ = {isa = PBXFileReference; explicitFileType = wrapper.cfbundle; includeInIndex = 0; path = TipCalculatorTests.xctest; sourceTree = BUILT_PRODUCTS_DIR; };
		2C6E2E0821F509AB000B49A4 /* TipCalculatorTests.swift */ = {isa = PBXFileReference; lastKnownFileType = sourcecode.swift; path = TipCalculatorTests.swift; sourceTree = "<group>"; };
		2C6E2E0A21F509AC000B49A4 /* Info.plist */ = {isa = PBXFileReference; lastKnownFileType = text.plist.xml; path = Info.plist; sourceTree = "<group>"; };
		2C6E2E0F21F509AC000B49A4 /* TipCalculatorUITests.xctest */ = {isa = PBXFileReference; explicitFileType = wrapper.cfbundle; includeInIndex = 0; path = TipCalculatorUITests.xctest; sourceTree = BUILT_PRODUCTS_DIR; };
		2C6E2E1321F509AC000B49A4 /* TipCalculatorUITests.swift */ = {isa = PBXFileReference; lastKnownFileType = sourcecode.swift; path = TipCalculatorUITests.swift; sourceTree = "<group>"; };
		2C6E2E1521F509AC000B49A4 /* Info.plist */ = {isa = PBXFileReference; lastKnownFileType = text.plist.xml; path = Info.plist; sourceTree = "<group>"; };
/* End PBXFileReference section */

/* Begin PBXFrameworksBuildPhase section */
		2C6E2DED21F509A6000B49A4 /* Frameworks */ = {
			isa = PBXFrameworksBuildPhase;
			buildActionMask = 2147483647;
			files = (
			);
			runOnlyForDeploymentPostprocessing = 0;
		};
		2C6E2E0121F509AB000B49A4 /* Frameworks */ = {
			isa = PBXFrameworksBuildPhase;
			buildActionMask = 2147483647;
			files = (
			);
			runOnlyForDeploymentPostprocessing = 0;
		};
		2C6E2E0C21F509AC000B49A4 /* Frameworks */ = {
			isa = PBXFrameworksBuildPhase;
			buildActionMask = 2147483647;
			files = (
			);
			runOnlyForDeploymentPostprocessing = 0;
		};
/* End PBXFrameworksBuildPhase section */

/* Begin PBXGroup section */
		2C6E2DE721F509A6000B49A4 = {
			isa = PBXGroup;
			children = (
				2C6E2DF221F509A7000B49A4 /* TipCalculator */,
				2C6E2E0721F509AB000B49A4 /* TipCalculatorTests */,
				2C6E2E1221F509AC000B49A4 /* TipCalculatorUITests */,
				2C6E2DF121F509A7000B49A4 /* Products */,
			);
			sourceTree = "<group>";
		};
		2C6E2DF121F509A7000B49A4 /* Products */ = {
			isa = PBXGroup;
			children = (
				2C6E2DF021F509A7000B49A4 /* TipCalculator.app */,
				2C6E2E0421F509AB000B49A4 /* TipCalculatorTests.xctest */,
				2C6E2E0F21F509AC000B49A4 /* TipCalculatorUITests.xctest */,
			);
			name = Products;
			sourceTree = "<group>";
		};
		2C6E2DF221F509A7000B49A4 /* TipCalculator */ = {
			isa = PBXGroup;
			children = (
				2C6E2DF321F509A7000B49A4 /* AppDelegate.swift */,
				2C6E2DF521F509A7000B49A4 /* ViewController.swift */,
				2C6E2DF721F509A7000B49A4 /* Main.storyboard */,
				2C6E2DFA21F509AB000B49A4 /* Assets.xcassets */,
				2C6E2DFC21F509AB000B49A4 /* LaunchScreen.storyboard */,
				2C6E2DFF21F509AB000B49A4 /* Info.plist */,
			);
			path = TipCalculator;
			sourceTree = "<group>";
		};
		2C6E2E0721F509AB000B49A4 /* TipCalculatorTests */ = {
			isa = PBXGroup;
			children = (
				2C6E2E0821F509AB000B49A4 /* TipCalculatorTests.swift */,
				2C6E2E0A21F509AC000B49A4 /* Info.plist */,
			);
			path = TipCalculatorTests;
			sourceTree = "<group>";
		};
		2C6E2E1221F509AC000B49A4 /* TipCalculatorUITests */ = {
			isa = PBXGroup;
			children = (
				2C6E2E1321F509AC000B49A4 /* TipCalculatorUITests.swift */,
				2C6E2E1521F509AC000B49A4 /* Info.plist */,
			);
			path = TipCalculatorUITests;
			sourceTree = "<group>";
		};
/* End PBXGroup section */

/* Begin PBXNativeTarget section */
		2C6E2DEF21F509A6000B49A4 /* TipCalculator */ = {
			isa = PBXNativeTarget;
			buildConfigurationList = 2C6E2E1821F509AC000B49A4 /* Build configuration list for PBXNativeTarget "TipCalculator" */;
			buildPhases = (
				2C6E2DEC21F509A6000B49A4 /* Sources */,
				2C6E2DED21F509A6000B49A4 /* Frameworks */,
				2C6E2DEE21F509A6000B49A4 /* Resources */,
			);
			buildRules = (
			);
			dependencies = (
			);
			name = TipCalculator;
			productName = TipCalculator;
			productReference = 2C6E2DF021F509A7000B49A4 /* TipCalculator.app */;
			productType = "com.apple.product-type.application";
		};
		2C6E2E0321F509AB000B49A4 /* TipCalculatorTests */ = {
			isa = PBXNativeTarget;
			buildConfigurationList = 2C6E2E1B21F509AC000B49A4 /* Build configuration list for PBXNativeTarget "TipCalculatorTests" */;
			buildPhases = (
				2C6E2E0021F509AB000B49A4 /* Sources */,
				2C6E2E0121F509AB000B49A4 /* Frameworks */,
				2C6E2E0221F509AB000B49A4 /* Resources */,
			);
			buildRules = (
			);
			dependencies = (
				2C6E2E0621F509AB000B49A4 /* PBXTargetDependency */,
			);
			name = TipCalculatorTests;
			productName = TipCalculatorTests;
			productReference = 2C6E2E0421F509AB000B49A4 /* TipCalculatorTests.xctest */;
			productType = "com.apple.product-type.bundle.unit-test";
		};
		2C6E2E0E21F509AC000B49A4 /* TipCalculatorUITests */ = {
			isa = PBXNativeTarget;
			buildConfigurationList = 2C6E2E1E21F509AC000B49A4 /* Build configuration list for PBXNativeTarget "TipCalculatorUITests" */;
			buildPhases = (
				2C6E2E0B21F509AC000B49A4 /* Sources */,
				2C6E2E0C21F509AC000B49A4 /* Frameworks */,
				2C6E2E0D21F509AC000B49A4 /* Resources */,
			);
			buildRules = (
			);
			dependencies = (
				2C6E2E1121F509AC000B49A4 /* PBXTargetDependency */,
			);
			name = TipCalculatorUITests;
			productName = TipCalculatorUITests;
			productReference = 2C6E2E0F21F509AC000B49A4 /* TipCalculatorUITests.xctest */;
			productType = "com.apple.product-type.bundle.ui-testing";
		};
/* End PBXNativeTarget section */

/* Begin PBXProject section */
		2C6E2DE821F509A6000B49A4 /* Project object */ = {
			isa = PBXProject;
			attributes = {
				LastSwiftUpdateCheck = 1010;
				LastUpgradeCheck = 1010;
				ORGANIZATIONNAME = "Caleb Giles";
				TargetAttributes = {
					2C6E2DEF21F509A6000B49A4 = {
						CreatedOnToolsVersion = 10.1;
					};
					2C6E2E0321F509AB000B49A4 = {
						CreatedOnToolsVersion = 10.1;
						TestTargetID = 2C6E2DEF21F509A6000B49A4;
					};
					2C6E2E0E21F509AC000B49A4 = {
						CreatedOnToolsVersion = 10.1;
						TestTargetID = 2C6E2DEF21F509A6000B49A4;
					};
				};
			};
			buildConfigurationList = 2C6E2DEB21F509A6000B49A4 /* Build configuration list for PBXProject "TipCalculator" */;
			compatibilityVersion = "Xcode 9.3";
			developmentRegion = en;
			hasScannedForEncodings = 0;
			knownRegions = (
				en,
				Base,
			);
			mainGroup = 2C6E2DE721F509A6000B49A4;
			productRefGroup = 2C6E2DF121F509A7000B49A4 /* Products */;
			projectDirPath = "";
			projectRoot = "";
			targets = (
				2C6E2DEF21F509A6000B49A4 /* TipCalculator */,
				2C6E2E0321F509AB000B49A4 /* TipCalculatorTests */,
				2C6E2E0E21F509AC000B49A4 /* TipCalculatorUITests */,
			);
		};
/* End PBXProject section */

/* Begin PBXResourcesBuildPhase section */
		2C6E2DEE21F509A6000B49A4 /* Resources */ = {
			isa = PBXResourcesBuildPhase;
			buildActionMask = 2147483647;
			files = (
				2C6E2DFE21F509AB000B49A4 /* LaunchScreen.storyboard in Resources */,
				2C6E2DFB21F509AB000B49A4 /* Assets.xcassets in Resources */,
				2C6E2DF921F509A7000B49A4 /* Main.storyboard in Resources */,
			);
			runOnlyForDeploymentPostprocessing = 0;
		};
		2C6E2E0221F509AB000B49A4 /* Resources */ = {
			isa = PBXResourcesBuildPhase;
			buildActionMask = 2147483647;
			files = (
			);
			runOnlyForDeploymentPostprocessing = 0;
		};
		2C6E2E0D21F509AC000B49A4 /* Resources */ = {
			isa = PBXResourcesBuildPhase;
			buildActionMask = 2147483647;
			files = (
			);
			runOnlyForDeploymentPostprocessing = 0;
		};
/* End PBXResourcesBuildPhase section */

/* Begin PBXSourcesBuildPhase section */
		2C6E2DEC21F509A6000B49A4 /* Sources */ = {
			isa = PBXSourcesBuildPhase;
			buildActionMask = 2147483647;
			files = (
				2C6E2DF621F509A7000B49A4 /* ViewController.swift in Sources */,
				2C6E2DF421F509A7000B49A4 /* AppDelegate.swift in Sources */,
			);
			runOnlyForDeploymentPostprocessing = 0;
		};
		2C6E2E0021F509AB000B49A4 /* Sources */ = {
			isa = PBXSourcesBuildPhase;
			buildActionMask = 2147483647;
			files = (
				2C6E2E0921F509AB000B49A4 /* TipCalculatorTests.swift in Sources */,
			);
			runOnlyForDeploymentPostprocessing = 0;
		};
		2C6E2E0B21F509AC000B49A4 /* Sources */ = {
			isa = PBXSourcesBuildPhase;
			buildActionMask = 2147483647;
			files = (
				2C6E2E1421F509AC000B49A4 /* TipCalculatorUITests.swift in Sources */,
			);
			runOnlyForDeploymentPostprocessing = 0;
		};
/* End PBXSourcesBuildPhase section */

/* Begin PBXTargetDependency section */
		2C6E2E0621F509AB000B49A4 /* PBXTargetDependency */ = {
			isa = PBXTargetDependency;
			target = 2C6E2DEF21F509A6000B49A4 /* TipCalculator */;
			targetProxy = 2C6E2E0521F509AB000B49A4 /* PBXContainerItemProxy */;
		};
		2C6E2E1121F509AC000B49A4 /* PBXTargetDependency */ = {
			isa = PBXTargetDependency;
			target = 2C6E2DEF21F509A6000B49A4 /* TipCalculator */;
			targetProxy = 2C6E2E1021F509AC000B49A4 /* PBXContainerItemProxy */;
		};
/* End PBXTargetDependency section */

/* Begin PBXVariantGroup section */
		2C6E2DF721F509A7000B49A4 /* Main.storyboard */ = {
			isa = PBXVariantGroup;
			children = (
				2C6E2DF821F509A7000B49A4 /* Base */,
			);
			name = Main.storyboard;
			sourceTree = "<group>";
		};
		2C6E2DFC21F509AB000B49A4 /* LaunchScreen.storyboard */ = {
			isa = PBXVariantGroup;
			children = (
				2C6E2DFD21F509AB000B49A4 /* Base */,
			);
			name = LaunchScreen.storyboard;
			sourceTree = "<group>";
		};
/* End PBXVariantGroup section */

/* Begin XCBuildConfiguration section */
		2C6E2E1621F509AC000B49A4 /* Debug */ = {
			isa = XCBuildConfiguration;
			buildSettings = {
				ALWAYS_SEARCH_USER_PATHS = NO;
				CLANG_ANALYZER_NONNULL = YES;
				CLANG_ANALYZER_NUMBER_OBJECT_CONVERSION = YES_AGGRESSIVE;
				CLANG_CXX_LANGUAGE_STANDARD = "gnu++14";
				CLANG_CXX_LIBRARY = "libc++";
				CLANG_ENABLE_MODULES = YES;
				CLANG_ENABLE_OBJC_ARC = YES;
				CLANG_ENABLE_OBJC_WEAK = YES;
				CLANG_WARN_BLOCK_CAPTURE_AUTORELEASING = YES;
				CLANG_WARN_BOOL_CONVERSION = YES;
				CLANG_WARN_COMMA = YES;
				CLANG_WARN_CONSTANT_CONVERSION = YES;
				CLANG_WARN_DEPRECATED_OBJC_IMPLEMENTATIONS = YES;
				CLANG_WARN_DIRECT_OBJC_ISA_USAGE = YES_ERROR;
				CLANG_WARN_DOCUMENTATION_COMMENTS = YES;
				CLANG_WARN_EMPTY_BODY = YES;
				CLANG_WARN_ENUM_CONVERSION = YES;
				CLANG_WARN_INFINITE_RECURSION = YES;
				CLANG_WARN_INT_CONVERSION = YES;
				CLANG_WARN_NON_LITERAL_NULL_CONVERSION = YES;
				CLANG_WARN_OBJC_IMPLICIT_RETAIN_SELF = YES;
				CLANG_WARN_OBJC_LITERAL_CONVERSION = YES;
				CLANG_WARN_OBJC_ROOT_CLASS = YES_ERROR;
				CLANG_WARN_RANGE_LOOP_ANALYSIS = YES;
				CLANG_WARN_STRICT_PROTOTYPES = YES;
				CLANG_WARN_SUSPICIOUS_MOVE = YES;
				CLANG_WARN_UNGUARDED_AVAILABILITY = YES_AGGRESSIVE;
				CLANG_WARN_UNREACHABLE_CODE = YES;
				CLANG_WARN__DUPLICATE_METHOD_MATCH = YES;
				CODE_SIGN_IDENTITY = "iPhone Developer";
				COPY_PHASE_STRIP = NO;
				DEBUG_INFORMATION_FORMAT = dwarf;
				ENABLE_STRICT_OBJC_MSGSEND = YES;
				ENABLE_TESTABILITY = YES;
				GCC_C_LANGUAGE_STANDARD = gnu11;
				GCC_DYNAMIC_NO_PIC = NO;
				GCC_NO_COMMON_BLOCKS = YES;
				GCC_OPTIMIZATION_LEVEL = 0;
				GCC_PREPROCESSOR_DEFINITIONS = (
					"DEBUG=1",
					"$(inherited)",
				);
				GCC_WARN_64_TO_32_BIT_CONVERSION = YES;
				GCC_WARN_ABOUT_RETURN_TYPE = YES_ERROR;
				GCC_WARN_UNDECLARED_SELECTOR = YES;
				GCC_WARN_UNINITIALIZED_AUTOS = YES_AGGRESSIVE;
				GCC_WARN_UNUSED_FUNCTION = YES;
				GCC_WARN_UNUSED_VARIABLE = YES;
				IPHONEOS_DEPLOYMENT_TARGET = 12.1;
				MTL_ENABLE_DEBUG_INFO = INCLUDE_SOURCE;
				MTL_FAST_MATH = YES;
				ONLY_ACTIVE_ARCH = YES;
				SDKROOT = iphoneos;
				SWIFT_ACTIVE_COMPILATION_CONDITIONS = DEBUG;
				SWIFT_OPTIMIZATION_LEVEL = "-Onone";
			};
			name = Debug;
		};
		2C6E2E1721F509AC000B49A4 /* Release */ = {
			isa = XCBuildConfiguration;
			buildSettings = {
				ALWAYS_SEARCH_USER_PATHS = NO;
				CLANG_ANALYZER_NONNULL = YES;
				CLANG_ANALYZER_NUMBER_OBJECT_CONVERSION = YES_AGGRESSIVE;
				CLANG_CXX_LANGUAGE_STANDARD = "gnu++14";
				CLANG_CXX_LIBRARY = "libc++";
				CLANG_ENABLE_MODULES = YES;
				CLANG_ENABLE_OBJC_ARC = YES;
				CLANG_ENABLE_OBJC_WEAK = YES;
				CLANG_WARN_BLOCK_CAPTURE_AUTORELEASING = YES;
				CLANG_WARN_BOOL_CONVERSION = YES;
				CLANG_WARN_COMMA = YES;
				CLANG_WARN_CONSTANT_CONVERSION = YES;
				CLANG_WARN_DEPRECATED_OBJC_IMPLEMENTATIONS = YES;
				CLANG_WARN_DIRECT_OBJC_ISA_USAGE = YES_ERROR;
				CLANG_WARN_DOCUMENTATION_COMMENTS = YES;
				CLANG_WARN_EMPTY_BODY = YES;
				CLANG_WARN_ENUM_CONVERSION = YES;
				CLANG_WARN_INFINITE_RECURSION = YES;
				CLANG_WARN_INT_CONVERSION = YES;
				CLANG_WARN_NON_LITERAL_NULL_CONVERSION = YES;
				CLANG_WARN_OBJC_IMPLICIT_RETAIN_SELF = YES;
				CLANG_WARN_OBJC_LITERAL_CONVERSION = YES;
				CLANG_WARN_OBJC_ROOT_CLASS = YES_ERROR;
				CLANG_WARN_RANGE_LOOP_ANALYSIS = YES;
				CLANG_WARN_STRICT_PROTOTYPES = YES;
				CLANG_WARN_SUSPICIOUS_MOVE = YES;
				CLANG_WARN_UNGUARDED_AVAILABILITY = YES_AGGRESSIVE;
				CLANG_WARN_UNREACHABLE_CODE = YES;
				CLANG_WARN__DUPLICATE_METHOD_MATCH = YES;
				CODE_SIGN_IDENTITY = "iPhone Developer";
				COPY_PHASE_STRIP = NO;
				DEBUG_INFORMATION_FORMAT = "dwarf-with-dsym";
				ENABLE_NS_ASSERTIONS = NO;
				ENABLE_STRICT_OBJC_MSGSEND = YES;
				GCC_C_LANGUAGE_STANDARD = gnu11;
				GCC_NO_COMMON_BLOCKS = YES;
				GCC_WARN_64_TO_32_BIT_CONVERSION = YES;
				GCC_WARN_ABOUT_RETURN_TYPE = YES_ERROR;
				GCC_WARN_UNDECLARED_SELECTOR = YES;
				GCC_WARN_UNINITIALIZED_AUTOS = YES_AGGRESSIVE;
				GCC_WARN_UNUSED_FUNCTION = YES;
				GCC_WARN_UNUSED_VARIABLE = YES;
				IPHONEOS_DEPLOYMENT_TARGET = 12.1;
				MTL_ENABLE_DEBUG_INFO = NO;
				MTL_FAST_MATH = YES;
				SDKROOT = iphoneos;
				SWIFT_COMPILATION_MODE = wholemodule;
				SWIFT_OPTIMIZATION_LEVEL = "-O";
				VALIDATE_PRODUCT = YES;
			};
			name = Release;
		};
		2C6E2E1921F509AC000B49A4 /* Debug */ = {
			isa = XCBuildConfiguration;
			buildSettings = {
				ASSETCATALOG_COMPILER_APPICON_NAME = AppIcon;
				CODE_SIGN_STYLE = Automatic;
				INFOPLIST_FILE = TipCalculator/Info.plist;
				LD_RUNPATH_SEARCH_PATHS = (
					"$(inherited)",
					"@executable_path/Frameworks",
				);
				PRODUCT_BUNDLE_IDENTIFIER = com.caleb.TipCalculator;
				PRODUCT_NAME = "$(TARGET_NAME)";
				SWIFT_VERSION = 4.2;
				TARGETED_DEVICE_FAMILY = "1,2";
			};
			name = Debug;
		};
		2C6E2E1A21F509AC000B49A4 /* Release */ = {
			isa = XCBuildConfiguration;
			buildSettings = {
				ASSETCATALOG_COMPILER_APPICON_NAME = AppIcon;
				CODE_SIGN_STYLE = Automatic;
				INFOPLIST_FILE = TipCalculator/Info.plist;
				LD_RUNPATH_SEARCH_PATHS = (
					"$(inherited)",
					"@executable_path/Frameworks",
				);
				PRODUCT_BUNDLE_IDENTIFIER = com.caleb.TipCalculator;
				PRODUCT_NAME = "$(TARGET_NAME)";
				SWIFT_VERSION = 4.2;
				TARGETED_DEVICE_FAMILY = "1,2";
			};
			name = Release;
		};
		2C6E2E1C21F509AC000B49A4 /* Debug */ = {
			isa = XCBuildConfiguration;
			buildSettings = {
				ALWAYS_EMBED_SWIFT_STANDARD_LIBRARIES = YES;
				BUNDLE_LOADER = "$(TEST_HOST)";
				CODE_SIGN_STYLE = Automatic;
				INFOPLIST_FILE = TipCalculatorTests/Info.plist;
				LD_RUNPATH_SEARCH_PATHS = (
					"$(inherited)",
					"@executable_path/Frameworks",
					"@loader_path/Frameworks",
				);
				PRODUCT_BUNDLE_IDENTIFIER = com.caleb.TipCalculatorTests;
				PRODUCT_NAME = "$(TARGET_NAME)";
				SWIFT_VERSION = 4.2;
				TARGETED_DEVICE_FAMILY = "1,2";
				TEST_HOST = "$(BUILT_PRODUCTS_DIR)/TipCalculator.app/TipCalculator";
			};
			name = Debug;
		};
		2C6E2E1D21F509AC000B49A4 /* Release */ = {
			isa = XCBuildConfiguration;
			buildSettings = {
				ALWAYS_EMBED_SWIFT_STANDARD_LIBRARIES = YES;
				BUNDLE_LOADER = "$(TEST_HOST)";
				CODE_SIGN_STYLE = Automatic;
				INFOPLIST_FILE = TipCalculatorTests/Info.plist;
				LD_RUNPATH_SEARCH_PATHS = (
					"$(inherited)",
					"@executable_path/Frameworks",
					"@loader_path/Frameworks",
				);
				PRODUCT_BUNDLE_IDENTIFIER = com.caleb.TipCalculatorTests;
				PRODUCT_NAME = "$(TARGET_NAME)";
				SWIFT_VERSION = 4.2;
				TARGETED_DEVICE_FAMILY = "1,2";
				TEST_HOST = "$(BUILT_PRODUCTS_DIR)/TipCalculator.app/TipCalculator";
			};
			name = Release;
		};
		2C6E2E1F21F509AC000B49A4 /* Debug */ = {
			isa = XCBuildConfiguration;
			buildSettings = {
				ALWAYS_EMBED_SWIFT_STANDARD_LIBRARIES = YES;
				CODE_SIGN_STYLE = Automatic;
				INFOPLIST_FILE = TipCalculatorUITests/Info.plist;
				LD_RUNPATH_SEARCH_PATHS = (
					"$(inherited)",
					"@executable_path/Frameworks",
					"@loader_path/Frameworks",
				);
				PRODUCT_BUNDLE_IDENTIFIER = com.caleb.TipCalculatorUITests;
				PRODUCT_NAME = "$(TARGET_NAME)";
				SWIFT_VERSION = 4.2;
				TARGETED_DEVICE_FAMILY = "1,2";
				TEST_TARGET_NAME = TipCalculator;
			};
			name = Debug;
		};
		2C6E2E2021F509AC000B49A4 /* Release */ = {
			isa = XCBuildConfiguration;
			buildSettings = {
				ALWAYS_EMBED_SWIFT_STANDARD_LIBRARIES = YES;
				CODE_SIGN_STYLE = Automatic;
				INFOPLIST_FILE = TipCalculatorUITests/Info.plist;
				LD_RUNPATH_SEARCH_PATHS = (
					"$(inherited)",
					"@executable_path/Frameworks",
					"@loader_path/Frameworks",
				);
				PRODUCT_BUNDLE_IDENTIFIER = com.caleb.TipCalculatorUITests;
				PRODUCT_NAME = "$(TARGET_NAME)";
				SWIFT_VERSION = 4.2;
				TARGETED_DEVICE_FAMILY = "1,2";
				TEST_TARGET_NAME = TipCalculator;
			};
			name = Release;
		};
/* End XCBuildConfiguration section */

/* Begin XCConfigurationList section */
		2C6E2DEB21F509A6000B49A4 /* Build configuration list for PBXProject "TipCalculator" */ = {
			isa = XCConfigurationList;
			buildConfigurations = (
				2C6E2E1621F509AC000B49A4 /* Debug */,
				2C6E2E1721F509AC000B49A4 /* Release */,
			);
			defaultConfigurationIsVisible = 0;
			defaultConfigurationName = Release;
		};
		2C6E2E1821F509AC000B49A4 /* Build configuration list for PBXNativeTarget "TipCalculator" */ = {
			isa = XCConfigurationList;
			buildConfigurations = (
				2C6E2E1921F509AC000B49A4 /* Debug */,
				2C6E2E1A21F509AC000B49A4 /* Release */,
			);
			defaultConfigurationIsVisible = 0;
			defaultConfigurationName = Release;
		};
		2C6E2E1B21F509AC000B49A4 /* Build configuration list for PBXNativeTarget "TipCalculatorTests" */ = {
			isa = XCConfigurationList;
			buildConfigurations = (
				2C6E2E1C21F509AC000B49A4 /* Debug */,
				2C6E2E1D21F509AC000B49A4 /* Release */,
			);
			defaultConfigurationIsVisible = 0;
			defaultConfigurationName = Release;
		};
		2C6E2E1E21F509AC000B49A4 /* Build configuration list for PBXNativeTarget "TipCalculatorUITests" */ = {
			isa = XCConfigurationList;
			buildConfigurations = (
				2C6E2E1F21F509AC000B49A4 /* Debug */,
				2C6E2E2021F509AC000B49A4 /* Release */,
			);
			defaultConfigurationIsVisible = 0;
			defaultConfigurationName = Release;
		};
/* End XCConfigurationList section */
	};
	rootObject = 2C6E2DE821F509A6000B49A4 /* Project object */;
}
